// !$*UTF8*$!
{
	archiveVersion = 1;
	classes = {
	};
	objectVersion = 56;
	objects = {

/* Begin PBXBuildFile section */
		3124E62A2C7290C8006D57CE /* CurrentWeatherView.swift in Sources */ = {isa = PBXBuildFile; fileRef = 3124E6292C7290C8006D57CE /* CurrentWeatherView.swift */; };
		3124E6302C73D782006D57CE /* CurrentWeatherSection.swift in Sources */ = {isa = PBXBuildFile; fileRef = 3124E62F2C73D782006D57CE /* CurrentWeatherSection.swift */; };
		3124E6332C73D928006D57CE /* CurrentWeatherCollectionViewCell.swift in Sources */ = {isa = PBXBuildFile; fileRef = 3124E6322C73D928006D57CE /* CurrentWeatherCollectionViewCell.swift */; };
		3124E6352C73DA00006D57CE /* DailyWeatherCollectionViewCell.swift in Sources */ = {isa = PBXBuildFile; fileRef = 3124E6342C73DA00006D57CE /* DailyWeatherCollectionViewCell.swift */; };
		3124E6372C73DA0C006D57CE /* HourlyWeatherCollectionViewCell.swift in Sources */ = {isa = PBXBuildFile; fileRef = 3124E6362C73DA0C006D57CE /* HourlyWeatherCollectionViewCell.swift */; };
		3124E6392C74C055006D57CE /* CurrentWeatherViewModel.swift in Sources */ = {isa = PBXBuildFile; fileRef = 3124E6382C74C055006D57CE /* CurrentWeatherViewModel.swift */; };
		3124E63B2C74C09C006D57CE /* CurrentWeatherCollectionViewCellViewModel.swift in Sources */ = {isa = PBXBuildFile; fileRef = 3124E63A2C74C09C006D57CE /* CurrentWeatherCollectionViewCellViewModel.swift */; };
		3124E63D2C74C0E4006D57CE /* HourlyWeatherCollectionViewCellViewModel.swift in Sources */ = {isa = PBXBuildFile; fileRef = 3124E63C2C74C0E4006D57CE /* HourlyWeatherCollectionViewCellViewModel.swift */; };
		3124E63F2C74C131006D57CE /* DailyWeatherCollectionViewCellViewModel.swift in Sources */ = {isa = PBXBuildFile; fileRef = 3124E63E2C74C131006D57CE /* DailyWeatherCollectionViewCellViewModel.swift */; };
		3124E6412C764ACF006D57CE /* MapViewController.swift in Sources */ = {isa = PBXBuildFile; fileRef = 3124E6402C764ACF006D57CE /* MapViewController.swift */; };
		317028D82C64FD9B00EBBE74 /* AppDelegate.swift in Sources */ = {isa = PBXBuildFile; fileRef = 317028D72C64FD9B00EBBE74 /* AppDelegate.swift */; };
		317028DA2C64FD9B00EBBE74 /* SceneDelegate.swift in Sources */ = {isa = PBXBuildFile; fileRef = 317028D92C64FD9B00EBBE74 /* SceneDelegate.swift */; };
		317028DC2C64FD9B00EBBE74 /* WeatherViewController.swift in Sources */ = {isa = PBXBuildFile; fileRef = 317028DB2C64FD9B00EBBE74 /* WeatherViewController.swift */; };
		317028E12C64FD9E00EBBE74 /* Assets.xcassets in Resources */ = {isa = PBXBuildFile; fileRef = 317028E02C64FD9E00EBBE74 /* Assets.xcassets */; };
		317028E42C64FD9E00EBBE74 /* LaunchScreen.storyboard in Resources */ = {isa = PBXBuildFile; fileRef = 317028E22C64FD9E00EBBE74 /* LaunchScreen.storyboard */; };
		317028F52C64FEFB00EBBE74 /* LocationManager.swift in Sources */ = {isa = PBXBuildFile; fileRef = 317028F42C64FEFB00EBBE74 /* LocationManager.swift */; };
		317028F92C64FF1800EBBE74 /* WeatherManager.swift in Sources */ = {isa = PBXBuildFile; fileRef = 317028F82C64FF1800EBBE74 /* WeatherManager.swift */; };
		317028FD2C65006000EBBE74 /* TabViewController.swift in Sources */ = {isa = PBXBuildFile; fileRef = 317028FC2C65006000EBBE74 /* TabViewController.swift */; };
/* End PBXBuildFile section */

/* Begin PBXFileReference section */
		3124E6292C7290C8006D57CE /* CurrentWeatherView.swift */ = {isa = PBXFileReference; lastKnownFileType = sourcecode.swift; path = CurrentWeatherView.swift; sourceTree = "<group>"; };
		3124E62F2C73D782006D57CE /* CurrentWeatherSection.swift */ = {isa = PBXFileReference; lastKnownFileType = sourcecode.swift; path = CurrentWeatherSection.swift; sourceTree = "<group>"; };
		3124E6322C73D928006D57CE /* CurrentWeatherCollectionViewCell.swift */ = {isa = PBXFileReference; lastKnownFileType = sourcecode.swift; path = CurrentWeatherCollectionViewCell.swift; sourceTree = "<group>"; };
		3124E6342C73DA00006D57CE /* DailyWeatherCollectionViewCell.swift */ = {isa = PBXFileReference; lastKnownFileType = sourcecode.swift; path = DailyWeatherCollectionViewCell.swift; sourceTree = "<group>"; };
		3124E6362C73DA0C006D57CE /* HourlyWeatherCollectionViewCell.swift */ = {isa = PBXFileReference; lastKnownFileType = sourcecode.swift; path = HourlyWeatherCollectionViewCell.swift; sourceTree = "<group>"; };
		3124E6382C74C055006D57CE /* CurrentWeatherViewModel.swift */ = {isa = PBXFileReference; lastKnownFileType = sourcecode.swift; path = CurrentWeatherViewModel.swift; sourceTree = "<group>"; };
		3124E63A2C74C09C006D57CE /* CurrentWeatherCollectionViewCellViewModel.swift */ = {isa = PBXFileReference; lastKnownFileType = sourcecode.swift; path = CurrentWeatherCollectionViewCellViewModel.swift; sourceTree = "<group>"; };
		3124E63C2C74C0E4006D57CE /* HourlyWeatherCollectionViewCellViewModel.swift */ = {isa = PBXFileReference; lastKnownFileType = sourcecode.swift; path = HourlyWeatherCollectionViewCellViewModel.swift; sourceTree = "<group>"; };
		3124E63E2C74C131006D57CE /* DailyWeatherCollectionViewCellViewModel.swift */ = {isa = PBXFileReference; lastKnownFileType = sourcecode.swift; path = DailyWeatherCollectionViewCellViewModel.swift; sourceTree = "<group>"; };
		3124E6402C764ACF006D57CE /* MapViewController.swift */ = {isa = PBXFileReference; lastKnownFileType = sourcecode.swift; path = MapViewController.swift; sourceTree = "<group>"; };
		317028D42C64FD9B00EBBE74 /* ASISProject2.app */ = {isa = PBXFileReference; explicitFileType = wrapper.application; includeInIndex = 0; path = ASISProject2.app; sourceTree = BUILT_PRODUCTS_DIR; };
		317028D72C64FD9B00EBBE74 /* AppDelegate.swift */ = {isa = PBXFileReference; lastKnownFileType = sourcecode.swift; path = AppDelegate.swift; sourceTree = "<group>"; };
		317028D92C64FD9B00EBBE74 /* SceneDelegate.swift */ = {isa = PBXFileReference; lastKnownFileType = sourcecode.swift; path = SceneDelegate.swift; sourceTree = "<group>"; };
		317028DB2C64FD9B00EBBE74 /* WeatherViewController.swift */ = {isa = PBXFileReference; lastKnownFileType = sourcecode.swift; path = WeatherViewController.swift; sourceTree = "<group>"; };
		317028E02C64FD9E00EBBE74 /* Assets.xcassets */ = {isa = PBXFileReference; lastKnownFileType = folder.assetcatalog; path = Assets.xcassets; sourceTree = "<group>"; };
		317028E32C64FD9E00EBBE74 /* Base */ = {isa = PBXFileReference; lastKnownFileType = file.storyboard; name = Base; path = Base.lproj/LaunchScreen.storyboard; sourceTree = "<group>"; };
		317028E52C64FD9E00EBBE74 /* Info.plist */ = {isa = PBXFileReference; lastKnownFileType = text.plist.xml; path = Info.plist; sourceTree = "<group>"; };
		317028EB2C64FDD700EBBE74 /* ASISProject2.entitlements */ = {isa = PBXFileReference; lastKnownFileType = text.plist.entitlements; path = ASISProject2.entitlements; sourceTree = "<group>"; };
		317028F42C64FEFB00EBBE74 /* LocationManager.swift */ = {isa = PBXFileReference; lastKnownFileType = sourcecode.swift; path = LocationManager.swift; sourceTree = "<group>"; };
		317028F82C64FF1800EBBE74 /* WeatherManager.swift */ = {isa = PBXFileReference; lastKnownFileType = sourcecode.swift; path = WeatherManager.swift; sourceTree = "<group>"; };
		317028FC2C65006000EBBE74 /* TabViewController.swift */ = {isa = PBXFileReference; lastKnownFileType = sourcecode.swift; path = TabViewController.swift; sourceTree = "<group>"; };
/* End PBXFileReference section */

/* Begin PBXFrameworksBuildPhase section */
		317028D12C64FD9B00EBBE74 /* Frameworks */ = {
			isa = PBXFrameworksBuildPhase;
			buildActionMask = 2147483647;
			files = (
			);
			runOnlyForDeploymentPostprocessing = 0;
		};
/* End PBXFrameworksBuildPhase section */

/* Begin PBXGroup section */
		3124E6312C73D8F9006D57CE /* WeatherCells */ = {
			isa = PBXGroup;
			children = (
				3124E6322C73D928006D57CE /* CurrentWeatherCollectionViewCell.swift */,
				3124E6342C73DA00006D57CE /* DailyWeatherCollectionViewCell.swift */,
				3124E6362C73DA0C006D57CE /* HourlyWeatherCollectionViewCell.swift */,
			);
			path = WeatherCells;
			sourceTree = "<group>";
		};
		317028CB2C64FD9B00EBBE74 = {
			isa = PBXGroup;
			children = (
				317028D62C64FD9B00EBBE74 /* ASISProject2 */,
				317028D52C64FD9B00EBBE74 /* Products */,
			);
			sourceTree = "<group>";
		};
		317028D52C64FD9B00EBBE74 /* Products */ = {
			isa = PBXGroup;
			children = (
				317028D42C64FD9B00EBBE74 /* ASISProject2.app */,
			);
			name = Products;
			sourceTree = "<group>";
		};
		317028D62C64FD9B00EBBE74 /* ASISProject2 */ = {
			isa = PBXGroup;
			children = (
				317028F32C64FED100EBBE74 /* Managers */,
				317028F22C64FEB500EBBE74 /* Other */,
				317028F02C64FE9900EBBE74 /* ViewModels */,
				317028EF2C64FE9700EBBE74 /* Views */,
				317028EC2C64FE8B00EBBE74 /* Controllers */,
				317028EB2C64FDD700EBBE74 /* ASISProject2.entitlements */,
				317028E52C64FD9E00EBBE74 /* Info.plist */,
			);
			path = ASISProject2;
			sourceTree = "<group>";
		};
		317028EC2C64FE8B00EBBE74 /* Controllers */ = {
			isa = PBXGroup;
			children = (
				3124E6402C764ACF006D57CE /* MapViewController.swift */,
				317028DB2C64FD9B00EBBE74 /* WeatherViewController.swift */,
				317028FC2C65006000EBBE74 /* TabViewController.swift */,
			);
			path = Controllers;
			sourceTree = "<group>";
		};
		317028EF2C64FE9700EBBE74 /* Views */ = {
			isa = PBXGroup;
			children = (
				3124E6312C73D8F9006D57CE /* WeatherCells */,
				3124E6292C7290C8006D57CE /* CurrentWeatherView.swift */,
			);
			path = Views;
			sourceTree = "<group>";
		};
		317028F02C64FE9900EBBE74 /* ViewModels */ = {
			isa = PBXGroup;
			children = (
				3124E62F2C73D782006D57CE /* CurrentWeatherSection.swift */,
				3124E6382C74C055006D57CE /* CurrentWeatherViewModel.swift */,
				3124E63A2C74C09C006D57CE /* CurrentWeatherCollectionViewCellViewModel.swift */,
				3124E63C2C74C0E4006D57CE /* HourlyWeatherCollectionViewCellViewModel.swift */,
				3124E63E2C74C131006D57CE /* DailyWeatherCollectionViewCellViewModel.swift */,
			);
			path = ViewModels;
			sourceTree = "<group>";
		};
		317028F22C64FEB500EBBE74 /* Other */ = {
			isa = PBXGroup;
			children = (
				317028E22C64FD9E00EBBE74 /* LaunchScreen.storyboard */,
				317028D72C64FD9B00EBBE74 /* AppDelegate.swift */,
				317028E02C64FD9E00EBBE74 /* Assets.xcassets */,
				317028D92C64FD9B00EBBE74 /* SceneDelegate.swift */,
			);
			path = Other;
			sourceTree = "<group>";
		};
		317028F32C64FED100EBBE74 /* Managers */ = {
			isa = PBXGroup;
			children = (
				317028F82C64FF1800EBBE74 /* WeatherManager.swift */,
				317028F42C64FEFB00EBBE74 /* LocationManager.swift */,
			);
			path = Managers;
			sourceTree = "<group>";
		};
/* End PBXGroup section */

/* Begin PBXNativeTarget section */
		317028D32C64FD9B00EBBE74 /* ASISProject2 */ = {
			isa = PBXNativeTarget;
			buildConfigurationList = 317028E82C64FD9E00EBBE74 /* Build configuration list for PBXNativeTarget "ASISProject2" */;
			buildPhases = (
				317028D02C64FD9B00EBBE74 /* Sources */,
				317028D12C64FD9B00EBBE74 /* Frameworks */,
				317028D22C64FD9B00EBBE74 /* Resources */,
			);
			buildRules = (
			);
			dependencies = (
			);
			name = ASISProject2;
			productName = ASISProject2;
			productReference = 317028D42C64FD9B00EBBE74 /* ASISProject2.app */;
			productType = "com.apple.product-type.application";
		};
/* End PBXNativeTarget section */

/* Begin PBXProject section */
		317028CC2C64FD9B00EBBE74 /* Project object */ = {
			isa = PBXProject;
			attributes = {
				BuildIndependentTargetsInParallel = 1;
				LastSwiftUpdateCheck = 1500;
				LastUpgradeCheck = 1500;
				TargetAttributes = {
					317028D32C64FD9B00EBBE74 = {
						CreatedOnToolsVersion = 15.0;
					};
				};
			};
			buildConfigurationList = 317028CF2C64FD9B00EBBE74 /* Build configuration list for PBXProject "ASISProject2" */;
			compatibilityVersion = "Xcode 14.0";
			developmentRegion = en;
			hasScannedForEncodings = 0;
			knownRegions = (
				en,
				Base,
			);
			mainGroup = 317028CB2C64FD9B00EBBE74;
			productRefGroup = 317028D52C64FD9B00EBBE74 /* Products */;
			projectDirPath = "";
			projectRoot = "";
			targets = (
				317028D32C64FD9B00EBBE74 /* ASISProject2 */,
			);
		};
/* End PBXProject section */

/* Begin PBXResourcesBuildPhase section */
		317028D22C64FD9B00EBBE74 /* Resources */ = {
			isa = PBXResourcesBuildPhase;
			buildActionMask = 2147483647;
			files = (
				317028E42C64FD9E00EBBE74 /* LaunchScreen.storyboard in Resources */,
				317028E12C64FD9E00EBBE74 /* Assets.xcassets in Resources */,
			);
			runOnlyForDeploymentPostprocessing = 0;
		};
/* End PBXResourcesBuildPhase section */

/* Begin PBXSourcesBuildPhase section */
		317028D02C64FD9B00EBBE74 /* Sources */ = {
			isa = PBXSourcesBuildPhase;
			buildActionMask = 2147483647;
			files = (
				317028FD2C65006000EBBE74 /* TabViewController.swift in Sources */,
				317028F92C64FF1800EBBE74 /* WeatherManager.swift in Sources */,
				317028F52C64FEFB00EBBE74 /* LocationManager.swift in Sources */,
				3124E63B2C74C09C006D57CE /* CurrentWeatherCollectionViewCellViewModel.swift in Sources */,
				3124E62A2C7290C8006D57CE /* CurrentWeatherView.swift in Sources */,
				3124E63F2C74C131006D57CE /* DailyWeatherCollectionViewCellViewModel.swift in Sources */,
				3124E6392C74C055006D57CE /* CurrentWeatherViewModel.swift in Sources */,
				3124E63D2C74C0E4006D57CE /* HourlyWeatherCollectionViewCellViewModel.swift in Sources */,
				3124E6352C73DA00006D57CE /* DailyWeatherCollectionViewCell.swift in Sources */,
				317028DC2C64FD9B00EBBE74 /* WeatherViewController.swift in Sources */,
				317028D82C64FD9B00EBBE74 /* AppDelegate.swift in Sources */,
				3124E6302C73D782006D57CE /* CurrentWeatherSection.swift in Sources */,
				3124E6412C764ACF006D57CE /* MapViewController.swift in Sources */,
				3124E6372C73DA0C006D57CE /* HourlyWeatherCollectionViewCell.swift in Sources */,
				317028DA2C64FD9B00EBBE74 /* SceneDelegate.swift in Sources */,
				3124E6332C73D928006D57CE /* CurrentWeatherCollectionViewCell.swift in Sources */,
			);
			runOnlyForDeploymentPostprocessing = 0;
		};
/* End PBXSourcesBuildPhase section */

/* Begin PBXVariantGroup section */
		317028E22C64FD9E00EBBE74 /* LaunchScreen.storyboard */ = {
			isa = PBXVariantGroup;
			children = (
				317028E32C64FD9E00EBBE74 /* Base */,
			);
			name = LaunchScreen.storyboard;
			sourceTree = "<group>";
		};
/* End PBXVariantGroup section */

/* Begin XCBuildConfiguration section */
		317028E62C64FD9E00EBBE74 /* Debug */ = {
			isa = XCBuildConfiguration;
			buildSettings = {
				ALWAYS_SEARCH_USER_PATHS = NO;
				ASSETCATALOG_COMPILER_GENERATE_SWIFT_ASSET_SYMBOL_EXTENSIONS = YES;
				CLANG_ANALYZER_NONNULL = YES;
				CLANG_ANALYZER_NUMBER_OBJECT_CONVERSION = YES_AGGRESSIVE;
				CLANG_CXX_LANGUAGE_STANDARD = "gnu++20";
				CLANG_ENABLE_MODULES = YES;
				CLANG_ENABLE_OBJC_ARC = YES;
				CLANG_ENABLE_OBJC_WEAK = YES;
				CLANG_WARN_BLOCK_CAPTURE_AUTORELEASING = YES;
				CLANG_WARN_BOOL_CONVERSION = YES;
				CLANG_WARN_COMMA = YES;
				CLANG_WARN_CONSTANT_CONVERSION = YES;
				CLANG_WARN_DEPRECATED_OBJC_IMPLEMENTATIONS = YES;
				CLANG_WARN_DIRECT_OBJC_ISA_USAGE = YES_ERROR;
				CLANG_WARN_DOCUMENTATION_COMMENTS = YES;
				CLANG_WARN_EMPTY_BODY = YES;
				CLANG_WARN_ENUM_CONVERSION = YES;
				CLANG_WARN_INFINITE_RECURSION = YES;
				CLANG_WARN_INT_CONVERSION = YES;
				CLANG_WARN_NON_LITERAL_NULL_CONVERSION = YES;
				CLANG_WARN_OBJC_IMPLICIT_RETAIN_SELF = YES;
				CLANG_WARN_OBJC_LITERAL_CONVERSION = YES;
				CLANG_WARN_OBJC_ROOT_CLASS = YES_ERROR;
				CLANG_WARN_QUOTED_INCLUDE_IN_FRAMEWORK_HEADER = YES;
				CLANG_WARN_RANGE_LOOP_ANALYSIS = YES;
				CLANG_WARN_STRICT_PROTOTYPES = YES;
				CLANG_WARN_SUSPICIOUS_MOVE = YES;
				CLANG_WARN_UNGUARDED_AVAILABILITY = YES_AGGRESSIVE;
				CLANG_WARN_UNREACHABLE_CODE = YES;
				CLANG_WARN__DUPLICATE_METHOD_MATCH = YES;
				COPY_PHASE_STRIP = NO;
				DEBUG_INFORMATION_FORMAT = dwarf;
				ENABLE_STRICT_OBJC_MSGSEND = YES;
				ENABLE_TESTABILITY = YES;
				ENABLE_USER_SCRIPT_SANDBOXING = YES;
				GCC_C_LANGUAGE_STANDARD = gnu17;
				GCC_DYNAMIC_NO_PIC = NO;
				GCC_NO_COMMON_BLOCKS = YES;
				GCC_OPTIMIZATION_LEVEL = 0;
				GCC_PREPROCESSOR_DEFINITIONS = (
					"DEBUG=1",
					"$(inherited)",
				);
				GCC_WARN_64_TO_32_BIT_CONVERSION = YES;
				GCC_WARN_ABOUT_RETURN_TYPE = YES_ERROR;
				GCC_WARN_UNDECLARED_SELECTOR = YES;
				GCC_WARN_UNINITIALIZED_AUTOS = YES_AGGRESSIVE;
				GCC_WARN_UNUSED_FUNCTION = YES;
				GCC_WARN_UNUSED_VARIABLE = YES;
				IPHONEOS_DEPLOYMENT_TARGET = 17.0;
				LOCALIZATION_PREFERS_STRING_CATALOGS = YES;
				MTL_ENABLE_DEBUG_INFO = INCLUDE_SOURCE;
				MTL_FAST_MATH = YES;
				ONLY_ACTIVE_ARCH = YES;
				SDKROOT = iphoneos;
				SWIFT_ACTIVE_COMPILATION_CONDITIONS = "DEBUG $(inherited)";
				SWIFT_OPTIMIZATION_LEVEL = "-Onone";
			};
			name = Debug;
		};
		317028E72C64FD9E00EBBE74 /* Release */ = {
			isa = XCBuildConfiguration;
			buildSettings = {
				ALWAYS_SEARCH_USER_PATHS = NO;
				ASSETCATALOG_COMPILER_GENERATE_SWIFT_ASSET_SYMBOL_EXTENSIONS = YES;
				CLANG_ANALYZER_NONNULL = YES;
				CLANG_ANALYZER_NUMBER_OBJECT_CONVERSION = YES_AGGRESSIVE;
				CLANG_CXX_LANGUAGE_STANDARD = "gnu++20";
				CLANG_ENABLE_MODULES = YES;
				CLANG_ENABLE_OBJC_ARC = YES;
				CLANG_ENABLE_OBJC_WEAK = YES;
				CLANG_WARN_BLOCK_CAPTURE_AUTORELEASING = YES;
				CLANG_WARN_BOOL_CONVERSION = YES;
				CLANG_WARN_COMMA = YES;
				CLANG_WARN_CONSTANT_CONVERSION = YES;
				CLANG_WARN_DEPRECATED_OBJC_IMPLEMENTATIONS = YES;
				CLANG_WARN_DIRECT_OBJC_ISA_USAGE = YES_ERROR;
				CLANG_WARN_DOCUMENTATION_COMMENTS = YES;
				CLANG_WARN_EMPTY_BODY = YES;
				CLANG_WARN_ENUM_CONVERSION = YES;
				CLANG_WARN_INFINITE_RECURSION = YES;
				CLANG_WARN_INT_CONVERSION = YES;
				CLANG_WARN_NON_LITERAL_NULL_CONVERSION = YES;
				CLANG_WARN_OBJC_IMPLICIT_RETAIN_SELF = YES;
				CLANG_WARN_OBJC_LITERAL_CONVERSION = YES;
				CLANG_WARN_OBJC_ROOT_CLASS = YES_ERROR;
				CLANG_WARN_QUOTED_INCLUDE_IN_FRAMEWORK_HEADER = YES;
				CLANG_WARN_RANGE_LOOP_ANALYSIS = YES;
				CLANG_WARN_STRICT_PROTOTYPES = YES;
				CLANG_WARN_SUSPICIOUS_MOVE = YES;
				CLANG_WARN_UNGUARDED_AVAILABILITY = YES_AGGRESSIVE;
				CLANG_WARN_UNREACHABLE_CODE = YES;
				CLANG_WARN__DUPLICATE_METHOD_MATCH = YES;
				COPY_PHASE_STRIP = NO;
				DEBUG_INFORMATION_FORMAT = "dwarf-with-dsym";
				ENABLE_NS_ASSERTIONS = NO;
				ENABLE_STRICT_OBJC_MSGSEND = YES;
				ENABLE_USER_SCRIPT_SANDBOXING = YES;
				GCC_C_LANGUAGE_STANDARD = gnu17;
				GCC_NO_COMMON_BLOCKS = YES;
				GCC_WARN_64_TO_32_BIT_CONVERSION = YES;
				GCC_WARN_ABOUT_RETURN_TYPE = YES_ERROR;
				GCC_WARN_UNDECLARED_SELECTOR = YES;
				GCC_WARN_UNINITIALIZED_AUTOS = YES_AGGRESSIVE;
				GCC_WARN_UNUSED_FUNCTION = YES;
				GCC_WARN_UNUSED_VARIABLE = YES;
				IPHONEOS_DEPLOYMENT_TARGET = 17.0;
				LOCALIZATION_PREFERS_STRING_CATALOGS = YES;
				MTL_ENABLE_DEBUG_INFO = NO;
				MTL_FAST_MATH = YES;
				SDKROOT = iphoneos;
				SWIFT_COMPILATION_MODE = wholemodule;
				VALIDATE_PRODUCT = YES;
			};
			name = Release;
		};
		317028E92C64FD9E00EBBE74 /* Debug */ = {
			isa = XCBuildConfiguration;
			buildSettings = {
				ASSETCATALOG_COMPILER_APPICON_NAME = AppIcon;
				ASSETCATALOG_COMPILER_GLOBAL_ACCENT_COLOR_NAME = AccentColor;
				CODE_SIGN_ENTITLEMENTS = ASISProject2/ASISProject2.entitlements;
				CODE_SIGN_STYLE = Automatic;
				CURRENT_PROJECT_VERSION = 1;
				GENERATE_INFOPLIST_FILE = YES;
				INFOPLIST_FILE = ASISProject2/Info.plist;
				INFOPLIST_KEY_UIApplicationSupportsIndirectInputEvents = YES;
				INFOPLIST_KEY_UILaunchStoryboardName = LaunchScreen;
				INFOPLIST_KEY_UISupportedInterfaceOrientations_iPad = "UIInterfaceOrientationPortrait UIInterfaceOrientationPortraitUpsideDown UIInterfaceOrientationLandscapeLeft UIInterfaceOrientationLandscapeRight";
				INFOPLIST_KEY_UISupportedInterfaceOrientations_iPhone = "UIInterfaceOrientationPortrait UIInterfaceOrientationLandscapeLeft UIInterfaceOrientationLandscapeRight";
				LD_RUNPATH_SEARCH_PATHS = (
					"$(inherited)",
					"@executable_path/Frameworks",
				);
				MARKETING_VERSION = 1.0;
				PRODUCT_BUNDLE_IDENTIFIER = com.armagangul.ASISProject2;
				PRODUCT_NAME = "$(TARGET_NAME)";
				SWIFT_EMIT_LOC_STRINGS = YES;
				SWIFT_VERSION = 5.0;
				TARGETED_DEVICE_FAMILY = "1,2";
			};
			name = Debug;
		};
		317028EA2C64FD9E00EBBE74 /* Release */ = {
			isa = XCBuildConfiguration;
			buildSettings = {
				ASSETCATALOG_COMPILER_APPICON_NAME = AppIcon;
				ASSETCATALOG_COMPILER_GLOBAL_ACCENT_COLOR_NAME = AccentColor;
				CODE_SIGN_ENTITLEMENTS = ASISProject2/ASISProject2.entitlements;
				CODE_SIGN_STYLE = Automatic;
				CURRENT_PROJECT_VERSION = 1;
				GENERATE_INFOPLIST_FILE = YES;
				INFOPLIST_FILE = ASISProject2/Info.plist;
				INFOPLIST_KEY_UIApplicationSupportsIndirectInputEvents = YES;
				INFOPLIST_KEY_UILaunchStoryboardName = LaunchScreen;
				INFOPLIST_KEY_UISupportedInterfaceOrientations_iPad = "UIInterfaceOrientationPortrait UIInterfaceOrientationPortraitUpsideDown UIInterfaceOrientationLandscapeLeft UIInterfaceOrientationLandscapeRight";
				INFOPLIST_KEY_UISupportedInterfaceOrientations_iPhone = "UIInterfaceOrientationPortrait UIInterfaceOrientationLandscapeLeft UIInterfaceOrientationLandscapeRight";
				LD_RUNPATH_SEARCH_PATHS = (
					"$(inherited)",
					"@executable_path/Frameworks",
				);
				MARKETING_VERSION = 1.0;
				PRODUCT_BUNDLE_IDENTIFIER = com.armagangul.ASISProject2;
				PRODUCT_NAME = "$(TARGET_NAME)";
				SWIFT_EMIT_LOC_STRINGS = YES;
				SWIFT_VERSION = 5.0;
				TARGETED_DEVICE_FAMILY = "1,2";
			};
			name = Release;
		};
/* End XCBuildConfiguration section */

/* Begin XCConfigurationList section */
		317028CF2C64FD9B00EBBE74 /* Build configuration list for PBXProject "ASISProject2" */ = {
			isa = XCConfigurationList;
			buildConfigurations = (
				317028E62C64FD9E00EBBE74 /* Debug */,
				317028E72C64FD9E00EBBE74 /* Release */,
			);
			defaultConfigurationIsVisible = 0;
			defaultConfigurationName = Release;
		};
		317028E82C64FD9E00EBBE74 /* Build configuration list for PBXNativeTarget "ASISProject2" */ = {
			isa = XCConfigurationList;
			buildConfigurations = (
				317028E92C64FD9E00EBBE74 /* Debug */,
				317028EA2C64FD9E00EBBE74 /* Release */,
			);
			defaultConfigurationIsVisible = 0;
			defaultConfigurationName = Release;
		};
/* End XCConfigurationList section */
	};
	rootObject = 317028CC2C64FD9B00EBBE74 /* Project object */;
}
